// !$*UTF8*$!
{
	archiveVersion = 1;
	classes = {
	};
	objectVersion = 46;
	objects = {

/* Begin PBXBuildFile section */
		7F04F78B1E325745002AF44F /* Error.cpp in Sources */ = {isa = PBXBuildFile; fileRef = 7F04F7891E325745002AF44F /* Error.cpp */; };
		7FCEC1DE1E2E370A00463651 /* main.cpp in Sources */ = {isa = PBXBuildFile; fileRef = 7FCEC1DD1E2E370A00463651 /* main.cpp */; };
		7FCEC1E71E2E377100463651 /* Skis.cpp in Sources */ = {isa = PBXBuildFile; fileRef = 7FCEC1E51E2E377100463651 /* Skis.cpp */; };
		7FCEC1EA1E2E386E00463651 /* Parameters.cpp in Sources */ = {isa = PBXBuildFile; fileRef = 7FCEC1E81E2E386E00463651 /* Parameters.cpp */; };
		7FCEC1F01E2E4A8400463651 /* File.cpp in Sources */ = {isa = PBXBuildFile; fileRef = 7FCEC1EE1E2E4A8400463651 /* File.cpp */; };
/* End PBXBuildFile section */

/* Begin PBXCopyFilesBuildPhase section */
		7FCEC1D81E2E370A00463651 /* CopyFiles */ = {
			isa = PBXCopyFilesBuildPhase;
			buildActionMask = 2147483647;
			dstPath = /usr/share/man/man1/;
			dstSubfolderSpec = 0;
			files = (
			);
			runOnlyForDeploymentPostprocessing = 1;
		};
/* End PBXCopyFilesBuildPhase section */

/* Begin PBXFileReference section */
		7F04F7891E325745002AF44F /* Error.cpp */ = {isa = PBXFileReference; fileEncoding = 4; lastKnownFileType = sourcecode.cpp.cpp; name = Error.cpp; path = ../Error.cpp; sourceTree = "<group>"; };
		7F04F78A1E325745002AF44F /* Error.hpp */ = {isa = PBXFileReference; fileEncoding = 4; lastKnownFileType = sourcecode.cpp.h; path = Error.hpp; sourceTree = "<group>"; };
		7FCEC1DA1E2E370A00463651 /* SkiEquipment */ = {isa = PBXFileReference; explicitFileType = "compiled.mach-o.executable"; includeInIndex = 0; path = SkiEquipment; sourceTree = BUILT_PRODUCTS_DIR; };
		7FCEC1DD1E2E370A00463651 /* main.cpp */ = {isa = PBXFileReference; lastKnownFileType = sourcecode.cpp.cpp; path = main.cpp; sourceTree = "<group>"; };
		7FCEC1E51E2E377100463651 /* Skis.cpp */ = {isa = PBXFileReference; fileEncoding = 4; lastKnownFileType = sourcecode.cpp.cpp; name = Skis.cpp; path = ../Skis.cpp; sourceTree = "<group>"; };
		7FCEC1E61E2E377100463651 /* Skis.hpp */ = {isa = PBXFileReference; fileEncoding = 4; lastKnownFileType = sourcecode.cpp.h; path = Skis.hpp; sourceTree = "<group>"; };
		7FCEC1E81E2E386E00463651 /* Parameters.cpp */ = {isa = PBXFileReference; fileEncoding = 4; lastKnownFileType = sourcecode.cpp.cpp; name = Parameters.cpp; path = ../Parameters.cpp; sourceTree = "<group>"; };
		7FCEC1E91E2E386E00463651 /* Parameters.hpp */ = {isa = PBXFileReference; fileEncoding = 4; lastKnownFileType = sourcecode.cpp.h; path = Parameters.hpp; sourceTree = "<group>"; };
		7FCEC1EE1E2E4A8400463651 /* File.cpp */ = {isa = PBXFileReference; fileEncoding = 4; lastKnownFileType = sourcecode.cpp.cpp; name = File.cpp; path = ../File.cpp; sourceTree = "<group>"; };
		7FCEC1EF1E2E4A8400463651 /* File.hpp */ = {isa = PBXFileReference; fileEncoding = 4; lastKnownFileType = sourcecode.cpp.h; path = File.hpp; sourceTree = "<group>"; };
/* End PBXFileReference section */

/* Begin PBXFrameworksBuildPhase section */
		7FCEC1D71E2E370A00463651 /* Frameworks */ = {
			isa = PBXFrameworksBuildPhase;
			buildActionMask = 2147483647;
			files = (
			);
			runOnlyForDeploymentPostprocessing = 0;
		};
/* End PBXFrameworksBuildPhase section */

/* Begin PBXGroup section */
		7FCEC1D11E2E370A00463651 = {
			isa = PBXGroup;
			children = (
				7FCEC1E41E2E372600463651 /* Headers */,
				7FCEC1DC1E2E370A00463651 /* Source files */,
				7FCEC1DB1E2E370A00463651 /* Products */,
			);
			sourceTree = "<group>";
		};
		7FCEC1DB1E2E370A00463651 /* Products */ = {
			isa = PBXGroup;
			children = (
				7FCEC1DA1E2E370A00463651 /* SkiEquipment */,
			);
			name = Products;
			sourceTree = "<group>";
		};
		7FCEC1DC1E2E370A00463651 /* Source files */ = {
			isa = PBXGroup;
			children = (
				7FCEC1DD1E2E370A00463651 /* main.cpp */,
				7FCEC1EE1E2E4A8400463651 /* File.cpp */,
				7FCEC1E51E2E377100463651 /* Skis.cpp */,
				7FCEC1E81E2E386E00463651 /* Parameters.cpp */,
				7F04F7891E325745002AF44F /* Error.cpp */,
			);
			name = "Source files";
			path = SkiEquipment;
			sourceTree = "<group>";
		};
		7FCEC1E41E2E372600463651 /* Headers */ = {
			isa = PBXGroup;
			children = (
				7FCEC1E61E2E377100463651 /* Skis.hpp */,
				7FCEC1E91E2E386E00463651 /* Parameters.hpp */,
				7FCEC1EF1E2E4A8400463651 /* File.hpp */,
				7F04F78A1E325745002AF44F /* Error.hpp */,
			);
			name = Headers;
			sourceTree = "<group>";
		};
/* End PBXGroup section */

/* Begin PBXNativeTarget section */
		7FCEC1D91E2E370A00463651 /* SkiEquipment */ = {
			isa = PBXNativeTarget;
			buildConfigurationList = 7FCEC1E11E2E370A00463651 /* Build configuration list for PBXNativeTarget "SkiEquipment" */;
			buildPhases = (
				7FCEC1D61E2E370A00463651 /* Sources */,
				7FCEC1D71E2E370A00463651 /* Frameworks */,
				7FCEC1D81E2E370A00463651 /* CopyFiles */,
			);
			buildRules = (
			);
			dependencies = (
			);
			name = SkiEquipment;
			productName = SkiEquipment;
			productReference = 7FCEC1DA1E2E370A00463651 /* SkiEquipment */;
			productType = "com.apple.product-type.tool";
		};
/* End PBXNativeTarget section */

/* Begin PBXProject section */
		7FCEC1D21E2E370A00463651 /* Project object */ = {
			isa = PBXProject;
			attributes = {
				LastUpgradeCheck = 0820;
				ORGANIZATIONNAME = "Mikołaj Stępniewski";
				TargetAttributes = {
					7FCEC1D91E2E370A00463651 = {
						CreatedOnToolsVersion = 8.2.1;
						DevelopmentTeam = QZ39Q3ANW7;
						ProvisioningStyle = Automatic;
					};
				};
			};
			buildConfigurationList = 7FCEC1D51E2E370A00463651 /* Build configuration list for PBXProject "SkiEquipment" */;
			compatibilityVersion = "Xcode 3.2";
			developmentRegion = English;
			hasScannedForEncodings = 0;
			knownRegions = (
				en,
			);
			mainGroup = 7FCEC1D11E2E370A00463651;
			productRefGroup = 7FCEC1DB1E2E370A00463651 /* Products */;
			projectDirPath = "";
			projectRoot = "";
			targets = (
				7FCEC1D91E2E370A00463651 /* SkiEquipment */,
			);
		};
/* End PBXProject section */

/* Begin PBXSourcesBuildPhase section */
		7FCEC1D61E2E370A00463651 /* Sources */ = {
			isa = PBXSourcesBuildPhase;
			buildActionMask = 2147483647;
			files = (
				7FCEC1EA1E2E386E00463651 /* Parameters.cpp in Sources */,
				7F04F78B1E325745002AF44F /* Error.cpp in Sources */,
				7FCEC1F01E2E4A8400463651 /* File.cpp in Sources */,
				7FCEC1DE1E2E370A00463651 /* main.cpp in Sources */,
				7FCEC1E71E2E377100463651 /* Skis.cpp in Sources */,
			);
			runOnlyForDeploymentPostprocessing = 0;
		};
/* End PBXSourcesBuildPhase section */

/* Begin XCBuildConfiguration section */
		7FCEC1DF1E2E370A00463651 /* Debug */ = {
			isa = XCBuildConfiguration;
			buildSettings = {
				ALWAYS_SEARCH_USER_PATHS = NO;
				CLANG_ANALYZER_NONNULL = YES;
				CLANG_CXX_LANGUAGE_STANDARD = "gnu++0x";
				CLANG_CXX_LIBRARY = "libc++";
				CLANG_ENABLE_MODULES = YES;
				CLANG_ENABLE_OBJC_ARC = YES;
				CLANG_WARN_BOOL_CONVERSION = YES;
				CLANG_WARN_CONSTANT_CONVERSION = YES;
				CLANG_WARN_DIRECT_OBJC_ISA_USAGE = YES_ERROR;
				CLANG_WARN_DOCUMENTATION_COMMENTS = YES;
				CLANG_WARN_EMPTY_BODY = YES;
				CLANG_WARN_ENUM_CONVERSION = YES;
				CLANG_WARN_INFINITE_RECURSION = YES;
				CLANG_WARN_INT_CONVERSION = YES;
				CLANG_WARN_OBJC_ROOT_CLASS = YES_ERROR;
				CLANG_WARN_SUSPICIOUS_MOVE = YES;
				CLANG_WARN_UNREACHABLE_CODE = YES;
				CLANG_WARN__DUPLICATE_METHOD_MATCH = YES;
				CODE_SIGN_IDENTITY = "-";
				COPY_PHASE_STRIP = NO;
				DEBUG_INFORMATION_FORMAT = dwarf;
				ENABLE_STRICT_OBJC_MSGSEND = YES;
				ENABLE_TESTABILITY = YES;
				GCC_C_LANGUAGE_STANDARD = gnu99;
				GCC_DYNAMIC_NO_PIC = NO;
				GCC_NO_COMMON_BLOCKS = YES;
				GCC_OPTIMIZATION_LEVEL = 0;
				GCC_PREPROCESSOR_DEFINITIONS = (
					"DEBUG=1",
					"$(inherited)",
				);
				GCC_WARN_64_TO_32_BIT_CONVERSION = YES;
				GCC_WARN_ABOUT_RETURN_TYPE = YES_ERROR;
				GCC_WARN_UNDECLARED_SELECTOR = YES;
				GCC_WARN_UNINITIALIZED_AUTOS = YES_AGGRESSIVE;
				GCC_WARN_UNUSED_FUNCTION = YES;
				GCC_WARN_UNUSED_VARIABLE = YES;
				MACOSX_DEPLOYMENT_TARGET = 10.12;
				MTL_ENABLE_DEBUG_INFO = YES;
				ONLY_ACTIVE_ARCH = YES;
				SDKROOT = macosx;
			};
			name = Debug;
		};
		7FCEC1E01E2E370A00463651 /* Release */ = {
			isa = XCBuildConfiguration;
			buildSettings = {
				ALWAYS_SEARCH_USER_PATHS = NO;
				CLANG_ANALYZER_NONNULL = YES;
				CLANG_CXX_LANGUAGE_STANDARD = "gnu++0x";
				CLANG_CXX_LIBRARY = "libc++";
				CLANG_ENABLE_MODULES = YES;
				CLANG_ENABLE_OBJC_ARC = YES;
				CLANG_WARN_BOOL_CONVERSION = YES;
				CLANG_WARN_CONSTANT_CONVERSION = YES;
				CLANG_WARN_DIRECT_OBJC_ISA_USAGE = YES_ERROR;
				CLANG_WARN_DOCUMENTATION_COMMENTS = YES;
				CLANG_WARN_EMPTY_BODY = YES;
				CLANG_WARN_ENUM_CONVERSION = YES;
				CLANG_WARN_INFINITE_RECURSION = YES;
				CLANG_WARN_INT_CONVERSION = YES;
				CLANG_WARN_OBJC_ROOT_CLASS = YES_ERROR;
				CLANG_WARN_SUSPICIOUS_MOVE = YES;
				CLANG_WARN_UNREACHABLE_CODE = YES;
				CLANG_WARN__DUPLICATE_METHOD_MATCH = YES;
				CODE_SIGN_IDENTITY = "-";
				COPY_PHASE_STRIP = NO;
				DEBUG_INFORMATION_FORMAT = "dwarf-with-dsym";
				ENABLE_NS_ASSERTIONS = NO;
				ENABLE_STRICT_OBJC_MSGSEND = YES;
				GCC_C_LANGUAGE_STANDARD = gnu99;
				GCC_NO_COMMON_BLOCKS = YES;
				GCC_WARN_64_TO_32_BIT_CONVERSION = YES;
				GCC_WARN_ABOUT_RETURN_TYPE = YES_ERROR;
				GCC_WARN_UNDECLARED_SELECTOR = YES;
				GCC_WARN_UNINITIALIZED_AUTOS = YES_AGGRESSIVE;
				GCC_WARN_UNUSED_FUNCTION = YES;
				GCC_WARN_UNUSED_VARIABLE = YES;
				MACOSX_DEPLOYMENT_TARGET = 10.12;
				MTL_ENABLE_DEBUG_INFO = NO;
				SDKROOT = macosx;
			};
			name = Release;
		};
		7FCEC1E21E2E370A00463651 /* Debug */ = {
			isa = XCBuildConfiguration;
			buildSettings = {
				DEVELOPMENT_TEAM = QZ39Q3ANW7;
				PRODUCT_NAME = "$(TARGET_NAME)";
			};
			name = Debug;
		};
		7FCEC1E31E2E370A00463651 /* Release */ = {
			isa = XCBuildConfiguration;
			buildSettings = {
				DEVELOPMENT_TEAM = QZ39Q3ANW7;
				PRODUCT_NAME = "$(TARGET_NAME)";
			};
			name = Release;
		};
/* End XCBuildConfiguration section */

/* Begin XCConfigurationList section */
		7FCEC1D51E2E370A00463651 /* Build configuration list for PBXProject "SkiEquipment" */ = {
			isa = XCConfigurationList;
			buildConfigurations = (
				7FCEC1DF1E2E370A00463651 /* Debug */,
				7FCEC1E01E2E370A00463651 /* Release */,
			);
			defaultConfigurationIsVisible = 0;
			defaultConfigurationName = Release;
		};
		7FCEC1E11E2E370A00463651 /* Build configuration list for PBXNativeTarget "SkiEquipment" */ = {
			isa = XCConfigurationList;
			buildConfigurations = (
				7FCEC1E21E2E370A00463651 /* Debug */,
				7FCEC1E31E2E370A00463651 /* Release */,
			);
			defaultConfigurationIsVisible = 0;
			defaultConfigurationName = Release;
		};
/* End XCConfigurationList section */
	};
	rootObject = 7FCEC1D21E2E370A00463651 /* Project object */;
}
